github.com/metakeule/fmtdate v1.1.2 h1:n9M7H9HfAqp+6OA98wXGMdcAr6omshSNVct65Bks1lQ=
github.com/metakeule/fmtdate v1.1.2/go.mod h1:2JyMFlKxeoGy1qS6obQukT0AL0Y4iNANQL8scbSdT4E=
github.com/mozillazg/go-pinyin v0.19.0 h1:p+J8/kjJ558KPvVGYLvqBhxf8jbZA2exSLCs2uUVN8c=
github.com/mozillazg/go-pinyin v0.19.0/go.mod h1:iR4EnMMRXkfpFVV5FMi4FNB6wGq9NV6uDWbUuPhP4Yc=
github.com/shakinm/xlsReader v0.9.12 h1:F6GWYtCzfzQqdIuqZJ0MU3YJ7uwH1ofJtmTKyWmANQk=
github.com/shakinm/xlsReader v0.9.12/go.mod h1:ME9pqIGf+547L4aE4YTZzwmhsij+5K9dR+k84OO6WSs=
golang.org/x/net v0.7.0 h1:rJrUqqhjsgNp7KqAIc25s9pZnjU7TUcSY7HcVZjdn1g=
golang.org/x/net v0.7.0/go.mod h1:2Tu9+aMcznHK/AK1HMvgo6xiTLG5rD5rZLDS+rp2Bjs=
golang.org/x/text v0.3.2/go.mod h1:bEr9sfX3Q8Zfm5fL9x+3itogRgK3+ptLWKqgva+5dAk=
golang.org/x/text v0.7.0 h1:4BRB4x83lYWy72KwLD/qYDuTu7q9PjSagHvijDw7cLo=
golang.org/x/text v0.7.0/go.mod h1:mrYo+phRRbMaCq/xk9113O4dZlRixOauAjOtrjsXDZ8=
golang.org/x/tools v0.0.0-20180917221912-90fa682c2a6e/go.mod h1:n7NCudcB/nEzxVGmLbDWY5pfWTLqBcC2KZ6jyYvM4mQ=
